
Microsoft Visual Studio Solution File, Format Version 12.00
Project("{2150E333-8FDC-42A3-9474-1A3956D46DE8}") = "Documentation", "Documentation", "{28A33453-CE04-4C22-A5FA-4F382764B295}"
EndProject
Project("{FAE04EC0-301F-11D3-BF4B-00C04F79EFBC}") = "Docs", "Docs\Docs.csproj", "{5AE3F2FF-C84C-4BEF-97DB-B6BAEE5A4FE0}"
EndProject
Project("{2150E333-8FDC-42A3-9474-1A3956D46DE8}") = "Core", "Core", "{958D5FC2-417F-46C0-A05A-B0E762849C02}"
EndProject
Project("{2150E333-8FDC-42A3-9474-1A3956D46DE8}") = "Tools", "Tools", "{39822277-4379-49E0-B855-53FE635D2087}"
EndProject
Project("{FAE04EC0-301F-11D3-BF4B-00C04F79EFBC}") = "VIAEventsAssociation.Core.Tools.OperationResult", "Core\Tools\VIAEventsAssociation.Core.Tools.OperationResult\VIAEventsAssociation.Core.Tools.OperationResult.csproj", "{A9750CF1-E0AA-475D-9048-54C17D4D2195}"
EndProject
Project("{FAE04EC0-301F-11D3-BF4B-00C04F79EFBC}") = "VIAEventsAssociation.Core.Tools.Enumeration", "Core\Tools\VIAEventsAssociation.Core.Tools.Enumeration\VIAEventsAssociation.Core.Tools.Enumeration.csproj", "{17EE66FD-47F9-4BD6-B879-AE543CEDF36B}"
EndProject
Project("{2150E333-8FDC-42A3-9474-1A3956D46DE8}") = "src", "src", "{1EFA51CE-89D4-447A-92CF-7C7E3DC9D8A0}"
EndProject
Project("{2150E333-8FDC-42A3-9474-1A3956D46DE8}") = "Tests", "Tests", "{FB111EB4-E680-4C20-8EFB-80BEFADDED76}"
EndProject
Project("{FAE04EC0-301F-11D3-BF4B-00C04F79EFBC}") = "UnitTests", "Tests\UnitTests\UnitTests.csproj", "{5F0B6340-A480-47FC-BC68-8C7B524EB120}"
EndProject
Project("{FAE04EC0-301F-11D3-BF4B-00C04F79EFBC}") = "ViaEventAssociation.Core.Domain", "src\Core\ViaEventAssociation.Core.Domain\ViaEventAssociation.Core.Domain.csproj", "{A8507607-C908-4C57-90AE-A2B8AF2FF56F}"
EndProject
Project("{FAE04EC0-301F-11D3-BF4B-00C04F79EFBC}") = "ViaEventsAssociation.Core.Application", "src\Core\ViaEventsAssociation.Core.Application\ViaEventsAssociation.Core.Application.csproj", "{16EC6F05-D66C-4150-B4A5-50EB26765B66}"
EndProject
Project("{2150E333-8FDC-42A3-9474-1A3956D46DE8}") = "Infrastructure", "Infrastructure", "{8155B488-CE6E-4FA4-BC70-926F4863B06F}"
EndProject
Project("{FAE04EC0-301F-11D3-BF4B-00C04F79EFBC}") = "ViaEventAssociation.Infrastructure.DomainModelPersistence", "src\ViaEventAssociation.Infrastructure.DomainModelPersistence\ViaEventAssociation.Infrastructure.DomainModelPersistence.csproj", "{C65F4D1A-0AC5-470B-8F02-F103999F524D}"
EndProject
Project("{FAE04EC0-301F-11D3-BF4B-00C04F79EFBC}") = "IntegrationTests", "Tests\IntegrationTests\IntegrationTests.csproj", "{FCC98EDD-B50B-4022-9DF2-9A726428A142}"
EndProject
Global
	GlobalSection(SolutionConfigurationPlatforms) = preSolution
		Debug|Any CPU = Debug|Any CPU
		Release|Any CPU = Release|Any CPU
	EndGlobalSection
	GlobalSection(NestedProjects) = preSolution
		{5AE3F2FF-C84C-4BEF-97DB-B6BAEE5A4FE0} = {28A33453-CE04-4C22-A5FA-4F382764B295}
		{39822277-4379-49E0-B855-53FE635D2087} = {958D5FC2-417F-46C0-A05A-B0E762849C02}
		{A9750CF1-E0AA-475D-9048-54C17D4D2195} = {39822277-4379-49E0-B855-53FE635D2087}
		{17EE66FD-47F9-4BD6-B879-AE543CEDF36B} = {39822277-4379-49E0-B855-53FE635D2087}
		{958D5FC2-417F-46C0-A05A-B0E762849C02} = {1EFA51CE-89D4-447A-92CF-7C7E3DC9D8A0}
		{5F0B6340-A480-47FC-BC68-8C7B524EB120} = {FB111EB4-E680-4C20-8EFB-80BEFADDED76}
		{A8507607-C908-4C57-90AE-A2B8AF2FF56F} = {958D5FC2-417F-46C0-A05A-B0E762849C02}
		{16EC6F05-D66C-4150-B4A5-50EB26765B66} = {958D5FC2-417F-46C0-A05A-B0E762849C02}
		{8155B488-CE6E-4FA4-BC70-926F4863B06F} = {1EFA51CE-89D4-447A-92CF-7C7E3DC9D8A0}
		{C65F4D1A-0AC5-470B-8F02-F103999F524D} = {8155B488-CE6E-4FA4-BC70-926F4863B06F}
		{FCC98EDD-B50B-4022-9DF2-9A726428A142} = {FB111EB4-E680-4C20-8EFB-80BEFADDED76}
	EndGlobalSection
	GlobalSection(ProjectConfigurationPlatforms) = postSolution
		{5AE3F2FF-C84C-4BEF-97DB-B6BAEE5A4FE0}.Debug|Any CPU.ActiveCfg = Debug|Any CPU
		{5AE3F2FF-C84C-4BEF-97DB-B6BAEE5A4FE0}.Debug|Any CPU.Build.0 = Debug|Any CPU
		{5AE3F2FF-C84C-4BEF-97DB-B6BAEE5A4FE0}.Release|Any CPU.ActiveCfg = Release|Any CPU
		{5AE3F2FF-C84C-4BEF-97DB-B6BAEE5A4FE0}.Release|Any CPU.Build.0 = Release|Any CPU
		{A9750CF1-E0AA-475D-9048-54C17D4D2195}.Debug|Any CPU.ActiveCfg = Debug|Any CPU
		{A9750CF1-E0AA-475D-9048-54C17D4D2195}.Debug|Any CPU.Build.0 = Debug|Any CPU
		{A9750CF1-E0AA-475D-9048-54C17D4D2195}.Release|Any CPU.ActiveCfg = Release|Any CPU
		{A9750CF1-E0AA-475D-9048-54C17D4D2195}.Release|Any CPU.Build.0 = Release|Any CPU
		{17EE66FD-47F9-4BD6-B879-AE543CEDF36B}.Debug|Any CPU.ActiveCfg = Debug|Any CPU
		{17EE66FD-47F9-4BD6-B879-AE543CEDF36B}.Debug|Any CPU.Build.0 = Debug|Any CPU
		{17EE66FD-47F9-4BD6-B879-AE543CEDF36B}.Release|Any CPU.ActiveCfg = Release|Any CPU
		{17EE66FD-47F9-4BD6-B879-AE543CEDF36B}.Release|Any CPU.Build.0 = Release|Any CPU
		{5F0B6340-A480-47FC-BC68-8C7B524EB120}.Debug|Any CPU.ActiveCfg = Debug|Any CPU
		{5F0B6340-A480-47FC-BC68-8C7B524EB120}.Debug|Any CPU.Build.0 = Debug|Any CPU
		{5F0B6340-A480-47FC-BC68-8C7B524EB120}.Release|Any CPU.ActiveCfg = Release|Any CPU
		{5F0B6340-A480-47FC-BC68-8C7B524EB120}.Release|Any CPU.Build.0 = Release|Any CPU
		{A8507607-C908-4C57-90AE-A2B8AF2FF56F}.Debug|Any CPU.ActiveCfg = Debug|Any CPU
		{A8507607-C908-4C57-90AE-A2B8AF2FF56F}.Debug|Any CPU.Build.0 = Debug|Any CPU
		{A8507607-C908-4C57-90AE-A2B8AF2FF56F}.Release|Any CPU.ActiveCfg = Release|Any CPU
		{A8507607-C908-4C57-90AE-A2B8AF2FF56F}.Release|Any CPU.Build.0 = Release|Any CPU
		{16EC6F05-D66C-4150-B4A5-50EB26765B66}.Debug|Any CPU.ActiveCfg = Debug|Any CPU
		{16EC6F05-D66C-4150-B4A5-50EB26765B66}.Debug|Any CPU.Build.0 = Debug|Any CPU
		{16EC6F05-D66C-4150-B4A5-50EB26765B66}.Release|Any CPU.ActiveCfg = Release|Any CPU
		{16EC6F05-D66C-4150-B4A5-50EB26765B66}.Release|Any CPU.Build.0 = Release|Any CPU
		{C65F4D1A-0AC5-470B-8F02-F103999F524D}.Debug|Any CPU.ActiveCfg = Debug|Any CPU
		{C65F4D1A-0AC5-470B-8F02-F103999F524D}.Debug|Any CPU.Build.0 = Debug|Any CPU
		{C65F4D1A-0AC5-470B-8F02-F103999F524D}.Release|Any CPU.ActiveCfg = Release|Any CPU
		{C65F4D1A-0AC5-470B-8F02-F103999F524D}.Release|Any CPU.Build.0 = Release|Any CPU
		{FCC98EDD-B50B-4022-9DF2-9A726428A142}.Debug|Any CPU.ActiveCfg = Debug|Any CPU
		{FCC98EDD-B50B-4022-9DF2-9A726428A142}.Debug|Any CPU.Build.0 = Debug|Any CPU
		{FCC98EDD-B50B-4022-9DF2-9A726428A142}.Release|Any CPU.ActiveCfg = Release|Any CPU
		{FCC98EDD-B50B-4022-9DF2-9A726428A142}.Release|Any CPU.Build.0 = Release|Any CPU
	EndGlobalSection
EndGlobal
